
Microsoft Visual Studio Solution File, Format Version 12.00
# Visual Studio Version 16
VisualStudioVersion = 16.0.31205.134
MinimumVisualStudioVersion = 10.0.40219.1
Project("{FAE04EC0-301F-11D3-BF4B-00C04F79EFBC}") = "Contable Academico", "Contable Academico\Contable Academico.csproj", "{9FDB24E9-E14A-403F-929B-80CDBA5477CD}"
EndProject
Global
	GlobalSection(SolutionConfigurationPlatforms) = preSolution
		Debug|Any CPU = Debug|Any CPU
		Release|Any CPU = Release|Any CPU
	EndGlobalSection
	GlobalSection(ProjectConfigurationPlatforms) = postSolution
		{9FDB24E9-E14A-403F-929B-80CDBA5477CD}.Debug|Any CPU.ActiveCfg = Debug|Any CPU
		{9FDB24E9-E14A-403F-929B-80CDBA5477CD}.Debug|Any CPU.Build.0 = Debug|Any CPU
		{9FDB24E9-E14A-403F-929B-80CDBA5477CD}.Release|Any CPU.ActiveCfg = Release|Any CPU
		{9FDB24E9-E14A-403F-929B-80CDBA5477CD}.Release|Any CPU.Build.0 = Release|Any CPU
	EndGlobalSection
	GlobalSection(SolutionProperties) = preSolution
		HideSolutionNode = FALSE
	EndGlobalSection
	GlobalSection(ExtensibilityGlobals) = postSolution
		SolutionGuid = {52ADF1C8-DCC8-4624-B326-EA06F02D8891}
	EndGlobalSection
EndGlobal
